
Microsoft Visual Studio Solution File, Format Version 12.00
# Visual Studio Version 17
VisualStudioVersion = 17.9.34622.214
MinimumVisualStudioVersion = 10.0.40219.1
Project("{8BC9CEB8-8B4A-11D0-8D11-00A0C91BC942}") = "Lab2 server UDP", "Lab2 server UDP\Lab2 server UDP.vcxproj", "{7BA7C4F5-3235-4E5D-9015-689170FF9260}"
EndProject
Global
	GlobalSection(SolutionConfigurationPlatforms) = preSolution
		Debug|x64 = Debug|x64
		Debug|x86 = Debug|x86
		Release|x64 = Release|x64
		Release|x86 = Release|x86
	EndGlobalSection
	GlobalSection(ProjectConfigurationPlatforms) = postSolution
		{7BA7C4F5-3235-4E5D-9015-689170FF9260}.Debug|x64.ActiveCfg = Debug|x64
		{7BA7C4F5-3235-4E5D-9015-689170FF9260}.Debug|x64.Build.0 = Debug|x64
		{7BA7C4F5-3235-4E5D-9015-689170FF9260}.Debug|x86.ActiveCfg = Debug|Win32
		{7BA7C4F5-3235-4E5D-9015-689170FF9260}.Debug|x86.Build.0 = Debug|Win32
		{7BA7C4F5-3235-4E5D-9015-689170FF9260}.Release|x64.ActiveCfg = Release|x64
		{7BA7C4F5-3235-4E5D-9015-689170FF9260}.Release|x64.Build.0 = Release|x64
		{7BA7C4F5-3235-4E5D-9015-689170FF9260}.Release|x86.ActiveCfg = Release|Win32
		{7BA7C4F5-3235-4E5D-9015-689170FF9260}.Release|x86.Build.0 = Release|Win32
	EndGlobalSection
	GlobalSection(SolutionProperties) = preSolution
		HideSolutionNode = FALSE
	EndGlobalSection
	GlobalSection(ExtensibilityGlobals) = postSolution
		SolutionGuid = {F48A8679-8A29-425A-B8D7-F3BDC139F416}
	EndGlobalSection
EndGlobal
